
Microsoft Visual Studio Solution File, Format Version 12.00
# Visual Studio 15
VisualStudioVersion = 15.0.28307.1082
MinimumVisualStudioVersion = 10.0.40219.1
Project("{8BC9CEB8-8B4A-11D0-8D11-00A0C91BC942}") = "Fraction", "Fraction\Fraction.vcxproj", "{F0146FE1-8EF0-410C-AA55-6722A6159326}"
EndProject
Project("{8BC9CEB8-8B4A-11D0-8D11-00A0C91BC942}") = "UnitTest1", "UnitTest1\UnitTest1.vcxproj", "{26453659-26D9-4F1D-904F-1CCC28461BBF}"
EndProject
Global
	GlobalSection(SolutionConfigurationPlatforms) = preSolution
		Debug|x64 = Debug|x64
		Debug|x86 = Debug|x86
		Release|x64 = Release|x64
		Release|x86 = Release|x86
	EndGlobalSection
	GlobalSection(ProjectConfigurationPlatforms) = postSolution
		{F0146FE1-8EF0-410C-AA55-6722A6159326}.Debug|x64.ActiveCfg = Debug|x64
		{F0146FE1-8EF0-410C-AA55-6722A6159326}.Debug|x64.Build.0 = Debug|x64
		{F0146FE1-8EF0-410C-AA55-6722A6159326}.Debug|x86.ActiveCfg = Debug|Win32
		{F0146FE1-8EF0-410C-AA55-6722A6159326}.Debug|x86.Build.0 = Debug|Win32
		{F0146FE1-8EF0-410C-AA55-6722A6159326}.Release|x64.ActiveCfg = Debug|x64
		{F0146FE1-8EF0-410C-AA55-6722A6159326}.Release|x64.Build.0 = Debug|x64
		{F0146FE1-8EF0-410C-AA55-6722A6159326}.Release|x86.ActiveCfg = Debug|Win32
		{F0146FE1-8EF0-410C-AA55-6722A6159326}.Release|x86.Build.0 = Debug|Win32
		{26453659-26D9-4F1D-904F-1CCC28461BBF}.Debug|x64.ActiveCfg = Debug|x64
		{26453659-26D9-4F1D-904F-1CCC28461BBF}.Debug|x64.Build.0 = Debug|x64
		{26453659-26D9-4F1D-904F-1CCC28461BBF}.Debug|x86.ActiveCfg = Debug|Win32
		{26453659-26D9-4F1D-904F-1CCC28461BBF}.Debug|x86.Build.0 = Debug|Win32
		{26453659-26D9-4F1D-904F-1CCC28461BBF}.Release|x64.ActiveCfg = Debug|x64
		{26453659-26D9-4F1D-904F-1CCC28461BBF}.Release|x64.Build.0 = Debug|x64
		{26453659-26D9-4F1D-904F-1CCC28461BBF}.Release|x86.ActiveCfg = Debug|Win32
		{26453659-26D9-4F1D-904F-1CCC28461BBF}.Release|x86.Build.0 = Debug|Win32
	EndGlobalSection
	GlobalSection(SolutionProperties) = preSolution
		HideSolutionNode = FALSE
	EndGlobalSection
	GlobalSection(ExtensibilityGlobals) = postSolution
		SolutionGuid = {E3B100FE-C275-4EFC-9EA6-175C8790BFFF}
	EndGlobalSection
EndGlobal
